
Microsoft Visual Studio Solution File, Format Version 12.00
# Visual Studio Version 17
VisualStudioVersion = 17.7.33808.371
MinimumVisualStudioVersion = 10.0.40219.1
Project("{FAE04EC0-301F-11D3-BF4B-00C04F79EFBC}") = "LibraryAssignment", "LibraryAssignment\LibraryAssignment.csproj", "{09BB2A6F-B591-4125-8F58-89A5603413BC}"
EndProject
Project("{FAE04EC0-301F-11D3-BF4B-00C04F79EFBC}") = "LibraryAssignmentConsole", "LibraryAssignmentConsole\LibraryAssignmentConsole.csproj", "{2E892EBD-D374-497A-88AA-169651ECD42B}"
EndProject
Project("{FAE04EC0-301F-11D3-BF4B-00C04F79EFBC}") = "LibraryAssignment.Tests", "LibraryAssignment.Tests\LibraryAssignment.Tests.csproj", "{E931BABE-C8F4-4416-8338-324EECA1CCC3}"
EndProject
Global
	GlobalSection(SolutionConfigurationPlatforms) = preSolution
		Debug|Any CPU = Debug|Any CPU
		Release|Any CPU = Release|Any CPU
	EndGlobalSection
	GlobalSection(ProjectConfigurationPlatforms) = postSolution
		{09BB2A6F-B591-4125-8F58-89A5603413BC}.Debug|Any CPU.ActiveCfg = Debug|Any CPU
		{09BB2A6F-B591-4125-8F58-89A5603413BC}.Debug|Any CPU.Build.0 = Debug|Any CPU
		{09BB2A6F-B591-4125-8F58-89A5603413BC}.Release|Any CPU.ActiveCfg = Release|Any CPU
		{09BB2A6F-B591-4125-8F58-89A5603413BC}.Release|Any CPU.Build.0 = Release|Any CPU
		{2E892EBD-D374-497A-88AA-169651ECD42B}.Debug|Any CPU.ActiveCfg = Debug|Any CPU
		{2E892EBD-D374-497A-88AA-169651ECD42B}.Debug|Any CPU.Build.0 = Debug|Any CPU
		{2E892EBD-D374-497A-88AA-169651ECD42B}.Release|Any CPU.ActiveCfg = Release|Any CPU
		{2E892EBD-D374-497A-88AA-169651ECD42B}.Release|Any CPU.Build.0 = Release|Any CPU
		{E931BABE-C8F4-4416-8338-324EECA1CCC3}.Debug|Any CPU.ActiveCfg = Debug|Any CPU
		{E931BABE-C8F4-4416-8338-324EECA1CCC3}.Debug|Any CPU.Build.0 = Debug|Any CPU
		{E931BABE-C8F4-4416-8338-324EECA1CCC3}.Release|Any CPU.ActiveCfg = Release|Any CPU
		{E931BABE-C8F4-4416-8338-324EECA1CCC3}.Release|Any CPU.Build.0 = Release|Any CPU
	EndGlobalSection
	GlobalSection(SolutionProperties) = preSolution
		HideSolutionNode = FALSE
	EndGlobalSection
	GlobalSection(ExtensibilityGlobals) = postSolution
		SolutionGuid = {67E8A7A6-246F-4562-8971-9D0C44A56E90}
	EndGlobalSection
EndGlobal
